// !$*UTF8*$!
{
	archiveVersion = 1;
	classes = {
	};
	objectVersion = 56;
	objects = {

/* Begin PBXBuildFile section */
		4119550D2ABE14FA00B6381B /* PlaceholderImage.swift in Sources */ = {isa = PBXBuildFile; fileRef = 4119550B2ABE14FA00B6381B /* PlaceholderImage.swift */; };
		4119550E2ABE14FA00B6381B /* AppAlert.swift in Sources */ = {isa = PBXBuildFile; fileRef = 4119550C2ABE14FA00B6381B /* AppAlert.swift */; };
		411955132ABE150200B6381B /* Formatters+Extension.swift in Sources */ = {isa = PBXBuildFile; fileRef = 411955102ABE150200B6381B /* Formatters+Extension.swift */; };
		411955142ABE150200B6381B /* Decoder+Extension.swift in Sources */ = {isa = PBXBuildFile; fileRef = 411955112ABE150200B6381B /* Decoder+Extension.swift */; };
		411955152ABE150200B6381B /* String+Extension.swift in Sources */ = {isa = PBXBuildFile; fileRef = 411955122ABE150200B6381B /* String+Extension.swift */; };
		4119551A2ABE150F00B6381B /* Config.swift in Sources */ = {isa = PBXBuildFile; fileRef = 411955172ABE150F00B6381B /* Config.swift */; };
		4119551B2ABE150F00B6381B /* MoviesService.swift in Sources */ = {isa = PBXBuildFile; fileRef = 411955182ABE150F00B6381B /* MoviesService.swift */; };
		4119551C2ABE150F00B6381B /* MoviesURLFactory.swift in Sources */ = {isa = PBXBuildFile; fileRef = 411955192ABE150F00B6381B /* MoviesURLFactory.swift */; };
		4119552A2ABE151500B6381B /* MovieDetailsViewModels.swift in Sources */ = {isa = PBXBuildFile; fileRef = 411955202ABE151500B6381B /* MovieDetailsViewModels.swift */; };
		4119552B2ABE151500B6381B /* MoviesDetailsView.swift in Sources */ = {isa = PBXBuildFile; fileRef = 411955222ABE151500B6381B /* MoviesDetailsView.swift */; };
		4119552C2ABE151500B6381B /* MoviesListViewModel.swift in Sources */ = {isa = PBXBuildFile; fileRef = 411955252ABE151500B6381B /* MoviesListViewModel.swift */; };
		4119552D2ABE151500B6381B /* Movie.swift in Sources */ = {isa = PBXBuildFile; fileRef = 411955272ABE151500B6381B /* Movie.swift */; };
		4119552E2ABE151500B6381B /* MoviesListView.swift in Sources */ = {isa = PBXBuildFile; fileRef = 411955292ABE151500B6381B /* MoviesListView.swift */; };
		41A270C42ABB57CA002987F7 /* YassirMoviesApp.swift in Sources */ = {isa = PBXBuildFile; fileRef = 41A270C32ABB57CA002987F7 /* YassirMoviesApp.swift */; };
		41A270C82ABB57CB002987F7 /* Assets.xcassets in Resources */ = {isa = PBXBuildFile; fileRef = 41A270C72ABB57CB002987F7 /* Assets.xcassets */; };
		41A270CB2ABB57CB002987F7 /* Preview Assets.xcassets in Resources */ = {isa = PBXBuildFile; fileRef = 41A270CA2ABB57CB002987F7 /* Preview Assets.xcassets */; };
/* End PBXBuildFile section */

/* Begin PBXFileReference section */
		4119550B2ABE14FA00B6381B /* PlaceholderImage.swift */ = {isa = PBXFileReference; fileEncoding = 4; lastKnownFileType = sourcecode.swift; path = PlaceholderImage.swift; sourceTree = "<group>"; };
		4119550C2ABE14FA00B6381B /* AppAlert.swift */ = {isa = PBXFileReference; fileEncoding = 4; lastKnownFileType = sourcecode.swift; path = AppAlert.swift; sourceTree = "<group>"; };
		411955102ABE150200B6381B /* Formatters+Extension.swift */ = {isa = PBXFileReference; fileEncoding = 4; lastKnownFileType = sourcecode.swift; path = "Formatters+Extension.swift"; sourceTree = "<group>"; };
		411955112ABE150200B6381B /* Decoder+Extension.swift */ = {isa = PBXFileReference; fileEncoding = 4; lastKnownFileType = sourcecode.swift; path = "Decoder+Extension.swift"; sourceTree = "<group>"; };
		411955122ABE150200B6381B /* String+Extension.swift */ = {isa = PBXFileReference; fileEncoding = 4; lastKnownFileType = sourcecode.swift; path = "String+Extension.swift"; sourceTree = "<group>"; };
		411955172ABE150F00B6381B /* Config.swift */ = {isa = PBXFileReference; fileEncoding = 4; lastKnownFileType = sourcecode.swift; path = Config.swift; sourceTree = "<group>"; };
		411955182ABE150F00B6381B /* MoviesService.swift */ = {isa = PBXFileReference; fileEncoding = 4; lastKnownFileType = sourcecode.swift; path = MoviesService.swift; sourceTree = "<group>"; };
		411955192ABE150F00B6381B /* MoviesURLFactory.swift */ = {isa = PBXFileReference; fileEncoding = 4; lastKnownFileType = sourcecode.swift; path = MoviesURLFactory.swift; sourceTree = "<group>"; };
		411955202ABE151500B6381B /* MovieDetailsViewModels.swift */ = {isa = PBXFileReference; fileEncoding = 4; lastKnownFileType = sourcecode.swift; path = MovieDetailsViewModels.swift; sourceTree = "<group>"; };
		411955222ABE151500B6381B /* MoviesDetailsView.swift */ = {isa = PBXFileReference; fileEncoding = 4; lastKnownFileType = sourcecode.swift; path = MoviesDetailsView.swift; sourceTree = "<group>"; };
		411955252ABE151500B6381B /* MoviesListViewModel.swift */ = {isa = PBXFileReference; fileEncoding = 4; lastKnownFileType = sourcecode.swift; path = MoviesListViewModel.swift; sourceTree = "<group>"; };
		411955272ABE151500B6381B /* Movie.swift */ = {isa = PBXFileReference; fileEncoding = 4; lastKnownFileType = sourcecode.swift; path = Movie.swift; sourceTree = "<group>"; };
		411955292ABE151500B6381B /* MoviesListView.swift */ = {isa = PBXFileReference; fileEncoding = 4; lastKnownFileType = sourcecode.swift; path = MoviesListView.swift; sourceTree = "<group>"; };
		4119552F2ABE176300B6381B /* README.md */ = {isa = PBXFileReference; lastKnownFileType = net.daringfireball.markdown; path = README.md; sourceTree = "<group>"; };
		41A270C02ABB57CA002987F7 /* YassirMovies.app */ = {isa = PBXFileReference; explicitFileType = wrapper.application; includeInIndex = 0; path = YassirMovies.app; sourceTree = BUILT_PRODUCTS_DIR; };
		41A270C32ABB57CA002987F7 /* YassirMoviesApp.swift */ = {isa = PBXFileReference; lastKnownFileType = sourcecode.swift; path = YassirMoviesApp.swift; sourceTree = "<group>"; };
		41A270C72ABB57CB002987F7 /* Assets.xcassets */ = {isa = PBXFileReference; lastKnownFileType = folder.assetcatalog; path = Assets.xcassets; sourceTree = "<group>"; };
		41A270CA2ABB57CB002987F7 /* Preview Assets.xcassets */ = {isa = PBXFileReference; lastKnownFileType = folder.assetcatalog; path = "Preview Assets.xcassets"; sourceTree = "<group>"; };
/* End PBXFileReference section */

/* Begin PBXFrameworksBuildPhase section */
		41A270BD2ABB57CA002987F7 /* Frameworks */ = {
			isa = PBXFrameworksBuildPhase;
			buildActionMask = 2147483647;
			files = (
			);
			runOnlyForDeploymentPostprocessing = 0;
		};
/* End PBXFrameworksBuildPhase section */

/* Begin PBXGroup section */
		4119550A2ABE14FA00B6381B /* Common */ = {
			isa = PBXGroup;
			children = (
				4119550B2ABE14FA00B6381B /* PlaceholderImage.swift */,
				4119550C2ABE14FA00B6381B /* AppAlert.swift */,
			);
			path = Common;
			sourceTree = "<group>";
		};
		4119550F2ABE150200B6381B /* Extensions */ = {
			isa = PBXGroup;
			children = (
				411955102ABE150200B6381B /* Formatters+Extension.swift */,
				411955112ABE150200B6381B /* Decoder+Extension.swift */,
				411955122ABE150200B6381B /* String+Extension.swift */,
			);
			path = Extensions;
			sourceTree = "<group>";
		};
		411955162ABE150F00B6381B /* Networking */ = {
			isa = PBXGroup;
			children = (
				411955172ABE150F00B6381B /* Config.swift */,
				411955182ABE150F00B6381B /* MoviesService.swift */,
				411955192ABE150F00B6381B /* MoviesURLFactory.swift */,
			);
			path = Networking;
			sourceTree = "<group>";
		};
		4119551D2ABE151500B6381B /* Movies */ = {
			isa = PBXGroup;
			children = (
				411955232ABE151500B6381B /* MoviesList */,
				4119551E2ABE151500B6381B /* MoviesDetails */,
			);
			path = Movies;
			sourceTree = "<group>";
		};
		4119551E2ABE151500B6381B /* MoviesDetails */ = {
			isa = PBXGroup;
			children = (
				4119551F2ABE151500B6381B /* ViewModel */,
				411955212ABE151500B6381B /* View */,
			);
			path = MoviesDetails;
			sourceTree = "<group>";
		};
		4119551F2ABE151500B6381B /* ViewModel */ = {
			isa = PBXGroup;
			children = (
				411955202ABE151500B6381B /* MovieDetailsViewModels.swift */,
			);
			path = ViewModel;
			sourceTree = "<group>";
		};
		411955212ABE151500B6381B /* View */ = {
			isa = PBXGroup;
			children = (
				411955222ABE151500B6381B /* MoviesDetailsView.swift */,
			);
			path = View;
			sourceTree = "<group>";
		};
		411955232ABE151500B6381B /* MoviesList */ = {
			isa = PBXGroup;
			children = (
				411955262ABE151500B6381B /* Model */,
				411955282ABE151500B6381B /* View */,
				411955242ABE151500B6381B /* ViewModel */,
			);
			path = MoviesList;
			sourceTree = "<group>";
		};
		411955242ABE151500B6381B /* ViewModel */ = {
			isa = PBXGroup;
			children = (
				411955252ABE151500B6381B /* MoviesListViewModel.swift */,
			);
			path = ViewModel;
			sourceTree = "<group>";
		};
		411955262ABE151500B6381B /* Model */ = {
			isa = PBXGroup;
			children = (
				411955272ABE151500B6381B /* Movie.swift */,
			);
			path = Model;
			sourceTree = "<group>";
		};
		411955282ABE151500B6381B /* View */ = {
			isa = PBXGroup;
			children = (
				411955292ABE151500B6381B /* MoviesListView.swift */,
			);
			path = View;
			sourceTree = "<group>";
		};
		41A270B72ABB57CA002987F7 = {
			isa = PBXGroup;
			children = (
				41A270C22ABB57CA002987F7 /* YassirMovies */,
				41A270C12ABB57CA002987F7 /* Products */,
			);
			sourceTree = "<group>";
		};
		41A270C12ABB57CA002987F7 /* Products */ = {
			isa = PBXGroup;
			children = (
				41A270C02ABB57CA002987F7 /* YassirMovies.app */,
			);
			name = Products;
			sourceTree = "<group>";
		};
		41A270C22ABB57CA002987F7 /* YassirMovies */ = {
			isa = PBXGroup;
			children = (
				4119550A2ABE14FA00B6381B /* Common */,
				4119550F2ABE150200B6381B /* Extensions */,
				411955162ABE150F00B6381B /* Networking */,
				4119551D2ABE151500B6381B /* Movies */,
				41A270C32ABB57CA002987F7 /* YassirMoviesApp.swift */,
				41A270C72ABB57CB002987F7 /* Assets.xcassets */,
				41A270C92ABB57CB002987F7 /* Preview Content */,
				4119552F2ABE176300B6381B /* README.md */,
			);
			path = YassirMovies;
			sourceTree = "<group>";
		};
		41A270C92ABB57CB002987F7 /* Preview Content */ = {
			isa = PBXGroup;
			children = (
				41A270CA2ABB57CB002987F7 /* Preview Assets.xcassets */,
			);
			path = "Preview Content";
			sourceTree = "<group>";
		};
/* End PBXGroup section */

/* Begin PBXNativeTarget section */
		41A270BF2ABB57CA002987F7 /* YassirMovies */ = {
			isa = PBXNativeTarget;
			buildConfigurationList = 41A270CE2ABB57CB002987F7 /* Build configuration list for PBXNativeTarget "YassirMovies" */;
			buildPhases = (
				41A270BC2ABB57CA002987F7 /* Sources */,
				41A270BD2ABB57CA002987F7 /* Frameworks */,
				41A270BE2ABB57CA002987F7 /* Resources */,
			);
			buildRules = (
			);
			dependencies = (
			);
			name = YassirMovies;
			productName = YassirMovies;
			productReference = 41A270C02ABB57CA002987F7 /* YassirMovies.app */;
			productType = "com.apple.product-type.application";
		};
/* End PBXNativeTarget section */

/* Begin PBXProject section */
		41A270B82ABB57CA002987F7 /* Project object */ = {
			isa = PBXProject;
			attributes = {
				BuildIndependentTargetsInParallel = 1;
				LastSwiftUpdateCheck = 1430;
				LastUpgradeCheck = 1430;
				TargetAttributes = {
					41A270BF2ABB57CA002987F7 = {
						CreatedOnToolsVersion = 14.3;
					};
				};
			};
			buildConfigurationList = 41A270BB2ABB57CA002987F7 /* Build configuration list for PBXProject "YassirMovies" */;
			compatibilityVersion = "Xcode 14.0";
			developmentRegion = en;
			hasScannedForEncodings = 0;
			knownRegions = (
				en,
				Base,
			);
			mainGroup = 41A270B72ABB57CA002987F7;
			productRefGroup = 41A270C12ABB57CA002987F7 /* Products */;
			projectDirPath = "";
			projectRoot = "";
			targets = (
				41A270BF2ABB57CA002987F7 /* YassirMovies */,
			);
		};
/* End PBXProject section */

/* Begin PBXResourcesBuildPhase section */
		41A270BE2ABB57CA002987F7 /* Resources */ = {
			isa = PBXResourcesBuildPhase;
			buildActionMask = 2147483647;
			files = (
				41A270CB2ABB57CB002987F7 /* Preview Assets.xcassets in Resources */,
				41A270C82ABB57CB002987F7 /* Assets.xcassets in Resources */,
			);
			runOnlyForDeploymentPostprocessing = 0;
		};
/* End PBXResourcesBuildPhase section */

/* Begin PBXSourcesBuildPhase section */
		41A270BC2ABB57CA002987F7 /* Sources */ = {
			isa = PBXSourcesBuildPhase;
			buildActionMask = 2147483647;
			files = (
				4119552E2ABE151500B6381B /* MoviesListView.swift in Sources */,
				4119552D2ABE151500B6381B /* Movie.swift in Sources */,
				4119552A2ABE151500B6381B /* MovieDetailsViewModels.swift in Sources */,
				411955142ABE150200B6381B /* Decoder+Extension.swift in Sources */,
				411955152ABE150200B6381B /* String+Extension.swift in Sources */,
				4119550D2ABE14FA00B6381B /* PlaceholderImage.swift in Sources */,
				4119550E2ABE14FA00B6381B /* AppAlert.swift in Sources */,
				4119552B2ABE151500B6381B /* MoviesDetailsView.swift in Sources */,
				4119552C2ABE151500B6381B /* MoviesListViewModel.swift in Sources */,
				4119551C2ABE150F00B6381B /* MoviesURLFactory.swift in Sources */,
				4119551B2ABE150F00B6381B /* MoviesService.swift in Sources */,
				4119551A2ABE150F00B6381B /* Config.swift in Sources */,
				411955132ABE150200B6381B /* Formatters+Extension.swift in Sources */,
				41A270C42ABB57CA002987F7 /* YassirMoviesApp.swift in Sources */,
			);
			runOnlyForDeploymentPostprocessing = 0;
		};
/* End PBXSourcesBuildPhase section */

/* Begin XCBuildConfiguration section */
		41A270CC2ABB57CB002987F7 /* Debug */ = {
			isa = XCBuildConfiguration;
			buildSettings = {
				ALWAYS_SEARCH_USER_PATHS = NO;
				CLANG_ANALYZER_NONNULL = YES;
				CLANG_ANALYZER_NUMBER_OBJECT_CONVERSION = YES_AGGRESSIVE;
				CLANG_CXX_LANGUAGE_STANDARD = "gnu++20";
				CLANG_ENABLE_MODULES = YES;
				CLANG_ENABLE_OBJC_ARC = YES;
				CLANG_ENABLE_OBJC_WEAK = YES;
				CLANG_WARN_BLOCK_CAPTURE_AUTORELEASING = YES;
				CLANG_WARN_BOOL_CONVERSION = YES;
				CLANG_WARN_COMMA = YES;
				CLANG_WARN_CONSTANT_CONVERSION = YES;
				CLANG_WARN_DEPRECATED_OBJC_IMPLEMENTATIONS = YES;
				CLANG_WARN_DIRECT_OBJC_ISA_USAGE = YES_ERROR;
				CLANG_WARN_DOCUMENTATION_COMMENTS = YES;
				CLANG_WARN_EMPTY_BODY = YES;
				CLANG_WARN_ENUM_CONVERSION = YES;
				CLANG_WARN_INFINITE_RECURSION = YES;
				CLANG_WARN_INT_CONVERSION = YES;
				CLANG_WARN_NON_LITERAL_NULL_CONVERSION = YES;
				CLANG_WARN_OBJC_IMPLICIT_RETAIN_SELF = YES;
				CLANG_WARN_OBJC_LITERAL_CONVERSION = YES;
				CLANG_WARN_OBJC_ROOT_CLASS = YES_ERROR;
				CLANG_WARN_QUOTED_INCLUDE_IN_FRAMEWORK_HEADER = YES;
				CLANG_WARN_RANGE_LOOP_ANALYSIS = YES;
				CLANG_WARN_STRICT_PROTOTYPES = YES;
				CLANG_WARN_SUSPICIOUS_MOVE = YES;
				CLANG_WARN_UNGUARDED_AVAILABILITY = YES_AGGRESSIVE;
				CLANG_WARN_UNREACHABLE_CODE = YES;
				CLANG_WARN__DUPLICATE_METHOD_MATCH = YES;
				COPY_PHASE_STRIP = NO;
				DEBUG_INFORMATION_FORMAT = dwarf;
				ENABLE_STRICT_OBJC_MSGSEND = YES;
				ENABLE_TESTABILITY = YES;
				GCC_C_LANGUAGE_STANDARD = gnu11;
				GCC_DYNAMIC_NO_PIC = NO;
				GCC_NO_COMMON_BLOCKS = YES;
				GCC_OPTIMIZATION_LEVEL = 0;
				GCC_PREPROCESSOR_DEFINITIONS = (
					"DEBUG=1",
					"$(inherited)",
				);
				GCC_WARN_64_TO_32_BIT_CONVERSION = YES;
				GCC_WARN_ABOUT_RETURN_TYPE = YES_ERROR;
				GCC_WARN_UNDECLARED_SELECTOR = YES;
				GCC_WARN_UNINITIALIZED_AUTOS = YES_AGGRESSIVE;
				GCC_WARN_UNUSED_FUNCTION = YES;
				GCC_WARN_UNUSED_VARIABLE = YES;
				IPHONEOS_DEPLOYMENT_TARGET = 16.4;
				MTL_ENABLE_DEBUG_INFO = INCLUDE_SOURCE;
				MTL_FAST_MATH = YES;
				ONLY_ACTIVE_ARCH = YES;
				SDKROOT = iphoneos;
				SWIFT_ACTIVE_COMPILATION_CONDITIONS = DEBUG;
				SWIFT_OPTIMIZATION_LEVEL = "-Onone";
			};
			name = Debug;
		};
		41A270CD2ABB57CB002987F7 /* Release */ = {
			isa = XCBuildConfiguration;
			buildSettings = {
				ALWAYS_SEARCH_USER_PATHS = NO;
				CLANG_ANALYZER_NONNULL = YES;
				CLANG_ANALYZER_NUMBER_OBJECT_CONVERSION = YES_AGGRESSIVE;
				CLANG_CXX_LANGUAGE_STANDARD = "gnu++20";
				CLANG_ENABLE_MODULES = YES;
				CLANG_ENABLE_OBJC_ARC = YES;
				CLANG_ENABLE_OBJC_WEAK = YES;
				CLANG_WARN_BLOCK_CAPTURE_AUTORELEASING = YES;
				CLANG_WARN_BOOL_CONVERSION = YES;
				CLANG_WARN_COMMA = YES;
				CLANG_WARN_CONSTANT_CONVERSION = YES;
				CLANG_WARN_DEPRECATED_OBJC_IMPLEMENTATIONS = YES;
				CLANG_WARN_DIRECT_OBJC_ISA_USAGE = YES_ERROR;
				CLANG_WARN_DOCUMENTATION_COMMENTS = YES;
				CLANG_WARN_EMPTY_BODY = YES;
				CLANG_WARN_ENUM_CONVERSION = YES;
				CLANG_WARN_INFINITE_RECURSION = YES;
				CLANG_WARN_INT_CONVERSION = YES;
				CLANG_WARN_NON_LITERAL_NULL_CONVERSION = YES;
				CLANG_WARN_OBJC_IMPLICIT_RETAIN_SELF = YES;
				CLANG_WARN_OBJC_LITERAL_CONVERSION = YES;
				CLANG_WARN_OBJC_ROOT_CLASS = YES_ERROR;
				CLANG_WARN_QUOTED_INCLUDE_IN_FRAMEWORK_HEADER = YES;
				CLANG_WARN_RANGE_LOOP_ANALYSIS = YES;
				CLANG_WARN_STRICT_PROTOTYPES = YES;
				CLANG_WARN_SUSPICIOUS_MOVE = YES;
				CLANG_WARN_UNGUARDED_AVAILABILITY = YES_AGGRESSIVE;
				CLANG_WARN_UNREACHABLE_CODE = YES;
				CLANG_WARN__DUPLICATE_METHOD_MATCH = YES;
				COPY_PHASE_STRIP = NO;
				DEBUG_INFORMATION_FORMAT = "dwarf-with-dsym";
				ENABLE_NS_ASSERTIONS = NO;
				ENABLE_STRICT_OBJC_MSGSEND = YES;
				GCC_C_LANGUAGE_STANDARD = gnu11;
				GCC_NO_COMMON_BLOCKS = YES;
				GCC_WARN_64_TO_32_BIT_CONVERSION = YES;
				GCC_WARN_ABOUT_RETURN_TYPE = YES_ERROR;
				GCC_WARN_UNDECLARED_SELECTOR = YES;
				GCC_WARN_UNINITIALIZED_AUTOS = YES_AGGRESSIVE;
				GCC_WARN_UNUSED_FUNCTION = YES;
				GCC_WARN_UNUSED_VARIABLE = YES;
				IPHONEOS_DEPLOYMENT_TARGET = 16.4;
				MTL_ENABLE_DEBUG_INFO = NO;
				MTL_FAST_MATH = YES;
				SDKROOT = iphoneos;
				SWIFT_COMPILATION_MODE = wholemodule;
				SWIFT_OPTIMIZATION_LEVEL = "-O";
				VALIDATE_PRODUCT = YES;
			};
			name = Release;
		};
		41A270CF2ABB57CB002987F7 /* Debug */ = {
			isa = XCBuildConfiguration;
			buildSettings = {
				ASSETCATALOG_COMPILER_APPICON_NAME = AppIcon;
				ASSETCATALOG_COMPILER_GLOBAL_ACCENT_COLOR_NAME = AccentColor;
				CODE_SIGN_STYLE = Automatic;
				CURRENT_PROJECT_VERSION = 1;
				DEVELOPMENT_ASSET_PATHS = "\"YassirMovies/Preview Content\"";
				ENABLE_PREVIEWS = YES;
				GENERATE_INFOPLIST_FILE = YES;
				INFOPLIST_KEY_UIApplicationSceneManifest_Generation = YES;
				INFOPLIST_KEY_UIApplicationSupportsIndirectInputEvents = YES;
				INFOPLIST_KEY_UILaunchScreen_Generation = YES;
				INFOPLIST_KEY_UISupportedInterfaceOrientations_iPad = "UIInterfaceOrientationPortrait UIInterfaceOrientationPortraitUpsideDown UIInterfaceOrientationLandscapeLeft UIInterfaceOrientationLandscapeRight";
				INFOPLIST_KEY_UISupportedInterfaceOrientations_iPhone = "UIInterfaceOrientationPortrait UIInterfaceOrientationLandscapeLeft UIInterfaceOrientationLandscapeRight";
				LD_RUNPATH_SEARCH_PATHS = (
					"$(inherited)",
					"@executable_path/Frameworks",
				);
				MARKETING_VERSION = 1.0;
				PRODUCT_BUNDLE_IDENTIFIER = com.davorplesa.YassirMovies;
				PRODUCT_NAME = "$(TARGET_NAME)";
				SWIFT_EMIT_LOC_STRINGS = YES;
				SWIFT_VERSION = 5.0;
				TARGETED_DEVICE_FAMILY = "1,2";
			};
			name = Debug;
		};
		41A270D02ABB57CB002987F7 /* Release */ = {
			isa = XCBuildConfiguration;
			buildSettings = {
				ASSETCATALOG_COMPILER_APPICON_NAME = AppIcon;
				ASSETCATALOG_COMPILER_GLOBAL_ACCENT_COLOR_NAME = AccentColor;
				CODE_SIGN_STYLE = Automatic;
				CURRENT_PROJECT_VERSION = 1;
				DEVELOPMENT_ASSET_PATHS = "\"YassirMovies/Preview Content\"";
				ENABLE_PREVIEWS = YES;
				GENERATE_INFOPLIST_FILE = YES;
				INFOPLIST_KEY_UIApplicationSceneManifest_Generation = YES;
				INFOPLIST_KEY_UIApplicationSupportsIndirectInputEvents = YES;
				INFOPLIST_KEY_UILaunchScreen_Generation = YES;
				INFOPLIST_KEY_UISupportedInterfaceOrientations_iPad = "UIInterfaceOrientationPortrait UIInterfaceOrientationPortraitUpsideDown UIInterfaceOrientationLandscapeLeft UIInterfaceOrientationLandscapeRight";
				INFOPLIST_KEY_UISupportedInterfaceOrientations_iPhone = "UIInterfaceOrientationPortrait UIInterfaceOrientationLandscapeLeft UIInterfaceOrientationLandscapeRight";
				LD_RUNPATH_SEARCH_PATHS = (
					"$(inherited)",
					"@executable_path/Frameworks",
				);
				MARKETING_VERSION = 1.0;
				PRODUCT_BUNDLE_IDENTIFIER = com.davorplesa.YassirMovies;
				PRODUCT_NAME = "$(TARGET_NAME)";
				SWIFT_EMIT_LOC_STRINGS = YES;
				SWIFT_VERSION = 5.0;
				TARGETED_DEVICE_FAMILY = "1,2";
			};
			name = Release;
		};
/* End XCBuildConfiguration section */

/* Begin XCConfigurationList section */
		41A270BB2ABB57CA002987F7 /* Build configuration list for PBXProject "YassirMovies" */ = {
			isa = XCConfigurationList;
			buildConfigurations = (
				41A270CC2ABB57CB002987F7 /* Debug */,
				41A270CD2ABB57CB002987F7 /* Release */,
			);
			defaultConfigurationIsVisible = 0;
			defaultConfigurationName = Release;
		};
		41A270CE2ABB57CB002987F7 /* Build configuration list for PBXNativeTarget "YassirMovies" */ = {
			isa = XCConfigurationList;
			buildConfigurations = (
				41A270CF2ABB57CB002987F7 /* Debug */,
				41A270D02ABB57CB002987F7 /* Release */,
			);
			defaultConfigurationIsVisible = 0;
			defaultConfigurationName = Release;
		};
/* End XCConfigurationList section */
	};
	rootObject = 41A270B82ABB57CA002987F7 /* Project object */;
}
